
Microsoft Visual Studio Solution File, Format Version 12.00
# Visual Studio Version 18
VisualStudioVersion = 18.6.11806.211 stable
MinimumVisualStudioVersion = 10.0.40219.1
Project("{FAE04EC0-301F-11D3-BF4B-00C04F79EFBC}") = "Impulsum14", "Impulsum14/Impulsum14.csproj", "{3967A474-9207-6C70-A82E-E8022F1E899E}"
EndProject
Project("{FAE04EC0-301F-11D3-BF4B-00C04F79EFBC}") = "Blaze.Core", "Impulsum14\SDK\Blaze.Core\Blaze.Core.csproj", "{0ADA5C2C-5A6E-4D64-AF3F-D9F0B3244DC1}"
EndProject
Project("{FAE04EC0-301F-11D3-BF4B-00C04F79EFBC}") = "Blaze3SDK", "Impulsum14\SDK\Blaze3SDK\Blaze3SDK.csproj", "{6FB78CC3-EE11-4F7C-A70C-68A61AD1FF8D}"
EndProject
Project("{FAE04EC0-301F-11D3-BF4B-00C04F79EFBC}") = "ProtoFire", "Impulsum14\SDK\ProtoFire\ProtoFire.csproj", "{A031B03C-0EB2-446E-9B4A-AD1A83F9E5ED}"
EndProject
Project("{FAE04EC0-301F-11D3-BF4B-00C04F79EFBC}") = "EATDF", "Impulsum14\SDK\EATDF\EATDF.csproj", "{4443E57B-A6BC-4C2D-A6A1-1A17E465A144}"
EndProject
Global
	GlobalSection(SolutionConfigurationPlatforms) = preSolution
		Debug|Any CPU = Debug|Any CPU
		Release|Any CPU = Release|Any CPU
	EndGlobalSection
	GlobalSection(ProjectConfigurationPlatforms) = postSolution
		{3967A474-9207-6C70-A82E-E8022F1E899E}.Debug|Any CPU.ActiveCfg = Debug|Any CPU
		{3967A474-9207-6C70-A82E-E8022F1E899E}.Debug|Any CPU.Build.0 = Debug|Any CPU
		{3967A474-9207-6C70-A82E-E8022F1E899E}.Release|Any CPU.ActiveCfg = Release|Any CPU
		{3967A474-9207-6C70-A82E-E8022F1E899E}.Release|Any CPU.Build.0 = Release|Any CPU
		{0ADA5C2C-5A6E-4D64-AF3F-D9F0B3244DC1}.Debug|Any CPU.ActiveCfg = Debug|Any CPU
		{0ADA5C2C-5A6E-4D64-AF3F-D9F0B3244DC1}.Debug|Any CPU.Build.0 = Debug|Any CPU
		{0ADA5C2C-5A6E-4D64-AF3F-D9F0B3244DC1}.Release|Any CPU.ActiveCfg = Release|Any CPU
		{0ADA5C2C-5A6E-4D64-AF3F-D9F0B3244DC1}.Release|Any CPU.Build.0 = Release|Any CPU
		{6FB78CC3-EE11-4F7C-A70C-68A61AD1FF8D}.Debug|Any CPU.ActiveCfg = Debug|Any CPU
		{6FB78CC3-EE11-4F7C-A70C-68A61AD1FF8D}.Debug|Any CPU.Build.0 = Debug|Any CPU
		{6FB78CC3-EE11-4F7C-A70C-68A61AD1FF8D}.Release|Any CPU.ActiveCfg = Release|Any CPU
		{6FB78CC3-EE11-4F7C-A70C-68A61AD1FF8D}.Release|Any CPU.Build.0 = Release|Any CPU
		{A031B03C-0EB2-446E-9B4A-AD1A83F9E5ED}.Debug|Any CPU.ActiveCfg = Debug|Any CPU
		{A031B03C-0EB2-446E-9B4A-AD1A83F9E5ED}.Debug|Any CPU.Build.0 = Debug|Any CPU
		{A031B03C-0EB2-446E-9B4A-AD1A83F9E5ED}.Release|Any CPU.ActiveCfg = Release|Any CPU
		{A031B03C-0EB2-446E-9B4A-AD1A83F9E5ED}.Release|Any CPU.Build.0 = Release|Any CPU
		{4443E57B-A6BC-4C2D-A6A1-1A17E465A144}.Debug|Any CPU.ActiveCfg = Debug|Any CPU
		{4443E57B-A6BC-4C2D-A6A1-1A17E465A144}.Debug|Any CPU.Build.0 = Debug|Any CPU
		{4443E57B-A6BC-4C2D-A6A1-1A17E465A144}.Release|Any CPU.ActiveCfg = Release|Any CPU
		{4443E57B-A6BC-4C2D-A6A1-1A17E465A144}.Release|Any CPU.Build.0 = Release|Any CPU
	EndGlobalSection
	GlobalSection(SolutionProperties) = preSolution
		HideSolutionNode = FALSE
	EndGlobalSection
	GlobalSection(ExtensibilityGlobals) = postSolution
		SolutionGuid = {7E178CF6-EF4F-4806-A26C-4D89025B63F7}
	EndGlobalSection
EndGlobal
